
Microsoft Visual Studio Solution File, Format Version 12.00
# Visual Studio Version 17
VisualStudioVersion = 17.2.32616.157
MinimumVisualStudioVersion = 10.0.40219.1
Project("{FAE04EC0-301F-11D3-BF4B-00C04F79EFBC}") = "Demo_ASPNET_MVC", "Demo_ASPNET_MVC\Demo_ASPNET_MVC.csproj", "{04642D8F-CF37-40DD-838D-630A93E1C72C}"
EndProject
Global
	GlobalSection(SolutionConfigurationPlatforms) = preSolution
		Debug|Any CPU = Debug|Any CPU
		Release|Any CPU = Release|Any CPU
	EndGlobalSection
	GlobalSection(ProjectConfigurationPlatforms) = postSolution
		{04642D8F-CF37-40DD-838D-630A93E1C72C}.Debug|Any CPU.ActiveCfg = Debug|Any CPU
		{04642D8F-CF37-40DD-838D-630A93E1C72C}.Debug|Any CPU.Build.0 = Debug|Any CPU
		{04642D8F-CF37-40DD-838D-630A93E1C72C}.Release|Any CPU.ActiveCfg = Release|Any CPU
		{04642D8F-CF37-40DD-838D-630A93E1C72C}.Release|Any CPU.Build.0 = Release|Any CPU
	EndGlobalSection
	GlobalSection(SolutionProperties) = preSolution
		HideSolutionNode = FALSE
	EndGlobalSection
	GlobalSection(ExtensibilityGlobals) = postSolution
		SolutionGuid = {455ACD15-EEA9-4B7D-9F5F-7485866879A9}
	EndGlobalSection
EndGlobal
